
Microsoft Visual Studio Solution File, Format Version 12.00
# Visual Studio Version 17
VisualStudioVersion = 17.8.34511.84
MinimumVisualStudioVersion = 10.0.40219.1
Project("{FAE04EC0-301F-11D3-BF4B-00C04F79EFBC}") = "TerminalSolitaire", "TerminalSolitaire.csproj", "{68EC2DE0-3461-4B8D-BC86-6F029526BF71}"
EndProject
Global
	GlobalSection(SolutionConfigurationPlatforms) = preSolution
		Debug|Any CPU = Debug|Any CPU
		Release|Any CPU = Release|Any CPU
	EndGlobalSection
	GlobalSection(ProjectConfigurationPlatforms) = postSolution
		{68EC2DE0-3461-4B8D-BC86-6F029526BF71}.Debug|Any CPU.ActiveCfg = Debug|Any CPU
		{68EC2DE0-3461-4B8D-BC86-6F029526BF71}.Debug|Any CPU.Build.0 = Debug|Any CPU
		{68EC2DE0-3461-4B8D-BC86-6F029526BF71}.Release|Any CPU.ActiveCfg = Release|Any CPU
		{68EC2DE0-3461-4B8D-BC86-6F029526BF71}.Release|Any CPU.Build.0 = Release|Any CPU
	EndGlobalSection
	GlobalSection(SolutionProperties) = preSolution
		HideSolutionNode = FALSE
	EndGlobalSection
	GlobalSection(ExtensibilityGlobals) = postSolution
		SolutionGuid = {872AC07B-2A38-4913-917D-ED98442D9CE3}
	EndGlobalSection
EndGlobal
